{
  "pins" : [
    {
      "identity" : "kingfisher",
      "kind" : "remoteSourceControl",
      "location" : "https://github.com/onevcat/Kingfisher.git",
      "state" : {
        "branch" : "master",
        "revision" : "0dd74ee5e64c510261033af676a90edeaf6d2163"
      }
    }
  ],
  "version" : 2
}
